
Microsoft Visual Studio Solution File, Format Version 12.00
# Visual Studio 15
VisualStudioVersion = 15.0.28307.136
MinimumVisualStudioVersion = 10.0.40219.1
Project("{FAE04EC0-301F-11D3-BF4B-00C04F79EFBC}") = "1_GraphicalCalculator", "1_GraphicalCalculator\1_GraphicalCalculator.csproj", "{357C8297-3D3D-4C68-B061-99C6249A695D}"
EndProject
Global
	GlobalSection(SolutionConfigurationPlatforms) = preSolution
		Debug|Any CPU = Debug|Any CPU
		Release|Any CPU = Release|Any CPU
	EndGlobalSection
	GlobalSection(ProjectConfigurationPlatforms) = postSolution
		{357C8297-3D3D-4C68-B061-99C6249A695D}.Debug|Any CPU.ActiveCfg = Debug|Any CPU
		{357C8297-3D3D-4C68-B061-99C6249A695D}.Debug|Any CPU.Build.0 = Debug|Any CPU
		{357C8297-3D3D-4C68-B061-99C6249A695D}.Release|Any CPU.ActiveCfg = Release|Any CPU
		{357C8297-3D3D-4C68-B061-99C6249A695D}.Release|Any CPU.Build.0 = Release|Any CPU
	EndGlobalSection
	GlobalSection(SolutionProperties) = preSolution
		HideSolutionNode = FALSE
	EndGlobalSection
	GlobalSection(ExtensibilityGlobals) = postSolution
		SolutionGuid = {0DE230B5-8D70-483B-AFD3-A86FA9B0D997}
	EndGlobalSection
EndGlobal
